
Microsoft Visual Studio Solution File, Format Version 12.00
# Visual Studio Version 17
VisualStudioVersion = 17.14.36908.2
MinimumVisualStudioVersion = 10.0.40219.1
Project("{FAE04EC0-301F-11D3-BF4B-00C04F79EFBC}") = "006-CLIGame-Pong", "006-CLIGame-Pong.csproj", "{131B3711-A9D4-4B82-8E6B-0B7291E25B66}"
EndProject
Global
	GlobalSection(SolutionConfigurationPlatforms) = preSolution
		Debug|Any CPU = Debug|Any CPU
		Release|Any CPU = Release|Any CPU
	EndGlobalSection
	GlobalSection(ProjectConfigurationPlatforms) = postSolution
		{131B3711-A9D4-4B82-8E6B-0B7291E25B66}.Debug|Any CPU.ActiveCfg = Debug|Any CPU
		{131B3711-A9D4-4B82-8E6B-0B7291E25B66}.Debug|Any CPU.Build.0 = Debug|Any CPU
		{131B3711-A9D4-4B82-8E6B-0B7291E25B66}.Release|Any CPU.ActiveCfg = Release|Any CPU
		{131B3711-A9D4-4B82-8E6B-0B7291E25B66}.Release|Any CPU.Build.0 = Release|Any CPU
	EndGlobalSection
	GlobalSection(SolutionProperties) = preSolution
		HideSolutionNode = FALSE
	EndGlobalSection
	GlobalSection(ExtensibilityGlobals) = postSolution
		SolutionGuid = {5730925C-ACFD-4AC8-B971-3819EFBDE9CC}
	EndGlobalSection
EndGlobal
